
Microsoft Visual Studio Solution File, Format Version 12.00
# Visual Studio Version 16
VisualStudioVersion = 16.0.29009.5
MinimumVisualStudioVersion = 10.0.40219.1
Project("{FAE04EC0-301F-11D3-BF4B-00C04F79EFBC}") = "NewAksApp", "NewAksApp\NewAksApp.csproj", "{131E19F5-29AA-45C4-A77E-06817A64DD70}"
EndProject
Global
	GlobalSection(SolutionConfigurationPlatforms) = preSolution
		Debug|Any CPU = Debug|Any CPU
		Release|Any CPU = Release|Any CPU
	EndGlobalSection
	GlobalSection(ProjectConfigurationPlatforms) = postSolution
		{131E19F5-29AA-45C4-A77E-06817A64DD70}.Debug|Any CPU.ActiveCfg = Debug|Any CPU
		{131E19F5-29AA-45C4-A77E-06817A64DD70}.Debug|Any CPU.Build.0 = Debug|Any CPU
		{131E19F5-29AA-45C4-A77E-06817A64DD70}.Release|Any CPU.ActiveCfg = Release|Any CPU
		{131E19F5-29AA-45C4-A77E-06817A64DD70}.Release|Any CPU.Build.0 = Release|Any CPU
	EndGlobalSection
	GlobalSection(SolutionProperties) = preSolution
		HideSolutionNode = FALSE
	EndGlobalSection
	GlobalSection(ExtensibilityGlobals) = postSolution
		SolutionGuid = {EDCFC77E-7D5B-4B97-9495-88B7D0584586}
	EndGlobalSection
EndGlobal
